
Microsoft Visual Studio Solution File, Format Version 12.00
# Visual Studio Version 16
VisualStudioVersion = 16.0.31911.196
MinimumVisualStudioVersion = 10.0.40219.1
Project("{FAE04EC0-301F-11D3-BF4B-00C04F79EFBC}") = "Hondenasiel", "Hondenasiel.csproj", "{9CF39F60-E02E-4A35-ACB6-8D02D7347267}"
EndProject
Global
	GlobalSection(SolutionConfigurationPlatforms) = preSolution
		Debug|Any CPU = Debug|Any CPU
		Release|Any CPU = Release|Any CPU
	EndGlobalSection
	GlobalSection(ProjectConfigurationPlatforms) = postSolution
		{9CF39F60-E02E-4A35-ACB6-8D02D7347267}.Debug|Any CPU.ActiveCfg = Debug|Any CPU
		{9CF39F60-E02E-4A35-ACB6-8D02D7347267}.Debug|Any CPU.Build.0 = Debug|Any CPU
		{9CF39F60-E02E-4A35-ACB6-8D02D7347267}.Release|Any CPU.ActiveCfg = Release|Any CPU
		{9CF39F60-E02E-4A35-ACB6-8D02D7347267}.Release|Any CPU.Build.0 = Release|Any CPU
	EndGlobalSection
	GlobalSection(SolutionProperties) = preSolution
		HideSolutionNode = FALSE
	EndGlobalSection
	GlobalSection(ExtensibilityGlobals) = postSolution
		SolutionGuid = {53745F5B-525B-420B-BC96-4633AAD315E1}
	EndGlobalSection
EndGlobal
